
Microsoft Visual Studio Solution File, Format Version 12.00
# Visual Studio 15
VisualStudioVersion = 15.0.27428.2043
MinimumVisualStudioVersion = 10.0.40219.1
Project("{FAE04EC0-301F-11D3-BF4B-00C04F79EFBC}") = "Colectica.DDISchemaCheck.App", "Colectica.DDISchemaCheck.App\Colectica.DDISchemaCheck.App.csproj", "{58C30F2B-02DE-42B6-B1C0-9F9C856B6C3D}"
EndProject
Project("{FAE04EC0-301F-11D3-BF4B-00C04F79EFBC}") = "Colectica.DDISchemaCheck.Checks", "Colectica.DDISchemaCheck.Checks\Colectica.DDISchemaCheck.Checks.csproj", "{000E4DD1-2C93-4DB5-8BDE-50D8E4065152}"
EndProject
Global
	GlobalSection(SolutionConfigurationPlatforms) = preSolution
		Debug|Any CPU = Debug|Any CPU
		Release|Any CPU = Release|Any CPU
	EndGlobalSection
	GlobalSection(ProjectConfigurationPlatforms) = postSolution
		{58C30F2B-02DE-42B6-B1C0-9F9C856B6C3D}.Debug|Any CPU.ActiveCfg = Debug|Any CPU
		{58C30F2B-02DE-42B6-B1C0-9F9C856B6C3D}.Debug|Any CPU.Build.0 = Debug|Any CPU
		{58C30F2B-02DE-42B6-B1C0-9F9C856B6C3D}.Release|Any CPU.ActiveCfg = Release|Any CPU
		{58C30F2B-02DE-42B6-B1C0-9F9C856B6C3D}.Release|Any CPU.Build.0 = Release|Any CPU
		{000E4DD1-2C93-4DB5-8BDE-50D8E4065152}.Debug|Any CPU.ActiveCfg = Debug|Any CPU
		{000E4DD1-2C93-4DB5-8BDE-50D8E4065152}.Debug|Any CPU.Build.0 = Debug|Any CPU
		{000E4DD1-2C93-4DB5-8BDE-50D8E4065152}.Release|Any CPU.ActiveCfg = Release|Any CPU
		{000E4DD1-2C93-4DB5-8BDE-50D8E4065152}.Release|Any CPU.Build.0 = Release|Any CPU
	EndGlobalSection
	GlobalSection(SolutionProperties) = preSolution
		HideSolutionNode = FALSE
	EndGlobalSection
	GlobalSection(ExtensibilityGlobals) = postSolution
		SolutionGuid = {1B9C4B15-696E-4A19-A1C4-120BDD74C01E}
	EndGlobalSection
EndGlobal
